
Microsoft Visual Studio Solution File, Format Version 12.00
# Visual Studio Version 16
VisualStudioVersion = 16.0.31729.503
MinimumVisualStudioVersion = 10.0.40219.1
Project("{FAE04EC0-301F-11D3-BF4B-00C04F79EFBC}") = "Zork.Console", "Zork.Console\Zork.Console.csproj", "{EB798BEB-7A4A-4362-A36B-CD59C43E19FD}"
EndProject
Project("{FAE04EC0-301F-11D3-BF4B-00C04F79EFBC}") = "Zork.Common", "Zork.Common\Zork.Common.csproj", "{0757CACB-03C6-4E45-BFAC-23A69E6F72B5}"
EndProject
Global
	GlobalSection(SolutionConfigurationPlatforms) = preSolution
		Debug|Any CPU = Debug|Any CPU
		Release|Any CPU = Release|Any CPU
	EndGlobalSection
	GlobalSection(ProjectConfigurationPlatforms) = postSolution
		{EB798BEB-7A4A-4362-A36B-CD59C43E19FD}.Debug|Any CPU.ActiveCfg = Debug|Any CPU
		{EB798BEB-7A4A-4362-A36B-CD59C43E19FD}.Debug|Any CPU.Build.0 = Debug|Any CPU
		{EB798BEB-7A4A-4362-A36B-CD59C43E19FD}.Release|Any CPU.ActiveCfg = Release|Any CPU
		{EB798BEB-7A4A-4362-A36B-CD59C43E19FD}.Release|Any CPU.Build.0 = Release|Any CPU
		{0757CACB-03C6-4E45-BFAC-23A69E6F72B5}.Debug|Any CPU.ActiveCfg = Debug|Any CPU
		{0757CACB-03C6-4E45-BFAC-23A69E6F72B5}.Debug|Any CPU.Build.0 = Debug|Any CPU
		{0757CACB-03C6-4E45-BFAC-23A69E6F72B5}.Release|Any CPU.ActiveCfg = Release|Any CPU
		{0757CACB-03C6-4E45-BFAC-23A69E6F72B5}.Release|Any CPU.Build.0 = Release|Any CPU
	EndGlobalSection
	GlobalSection(SolutionProperties) = preSolution
		HideSolutionNode = FALSE
	EndGlobalSection
	GlobalSection(ExtensibilityGlobals) = postSolution
		SolutionGuid = {D5C77E28-32B7-4209-B99A-983050324E60}
	EndGlobalSection
EndGlobal
